
Microsoft Visual Studio Solution File, Format Version 12.00
# Visual Studio Version 16
VisualStudioVersion = 16.0.31702.278
MinimumVisualStudioVersion = 10.0.40219.1
Project("{FAE04EC0-301F-11D3-BF4B-00C04F79EFBC}") = "TestGraphQL", "TestGraphQL\TestGraphQL.csproj", "{0921BC0C-A83F-4FCB-B837-05BB6F7B0854}"
EndProject
Global
	GlobalSection(SolutionConfigurationPlatforms) = preSolution
		Debug|Any CPU = Debug|Any CPU
		Release|Any CPU = Release|Any CPU
	EndGlobalSection
	GlobalSection(ProjectConfigurationPlatforms) = postSolution
		{0921BC0C-A83F-4FCB-B837-05BB6F7B0854}.Debug|Any CPU.ActiveCfg = Debug|Any CPU
		{0921BC0C-A83F-4FCB-B837-05BB6F7B0854}.Debug|Any CPU.Build.0 = Debug|Any CPU
		{0921BC0C-A83F-4FCB-B837-05BB6F7B0854}.Release|Any CPU.ActiveCfg = Release|Any CPU
		{0921BC0C-A83F-4FCB-B837-05BB6F7B0854}.Release|Any CPU.Build.0 = Release|Any CPU
	EndGlobalSection
	GlobalSection(SolutionProperties) = preSolution
		HideSolutionNode = FALSE
	EndGlobalSection
	GlobalSection(ExtensibilityGlobals) = postSolution
		SolutionGuid = {341B713F-3963-420E-85C1-12CBDB12E878}
	EndGlobalSection
EndGlobal
